
Microsoft Visual Studio Solution File, Format Version 12.00
# Visual Studio Version 17
VisualStudioVersion = 17.8.34525.116
MinimumVisualStudioVersion = 10.0.40219.1
Project("{FAE04EC0-301F-11D3-BF4B-00C04F79EFBC}") = "API1", "API1.csproj", "{72D7AA75-72D8-49B5-8863-C26D0431FE6B}"
EndProject
Global
	GlobalSection(SolutionConfigurationPlatforms) = preSolution
		Debug|Any CPU = Debug|Any CPU
		Release|Any CPU = Release|Any CPU
	EndGlobalSection
	GlobalSection(ProjectConfigurationPlatforms) = postSolution
		{72D7AA75-72D8-49B5-8863-C26D0431FE6B}.Debug|Any CPU.ActiveCfg = Debug|Any CPU
		{72D7AA75-72D8-49B5-8863-C26D0431FE6B}.Debug|Any CPU.Build.0 = Debug|Any CPU
		{72D7AA75-72D8-49B5-8863-C26D0431FE6B}.Release|Any CPU.ActiveCfg = Release|Any CPU
		{72D7AA75-72D8-49B5-8863-C26D0431FE6B}.Release|Any CPU.Build.0 = Release|Any CPU
	EndGlobalSection
	GlobalSection(SolutionProperties) = preSolution
		HideSolutionNode = FALSE
	EndGlobalSection
	GlobalSection(ExtensibilityGlobals) = postSolution
		SolutionGuid = {92BC0155-92C3-4443-B19B-F1B6ADA8B6AE}
	EndGlobalSection
EndGlobal
